
Microsoft Visual Studio Solution File, Format Version 12.00
# Visual Studio Version 17
VisualStudioVersion = 17.0.31903.59
MinimumVisualStudioVersion = 10.0.40219.1
Project("{2150E333-8FDC-42A3-9474-1A3956D46DE8}") = "Modules", "Modules", "{30884D65-93D2-4B5B-BDC3-AC08F5008186}"
EndProject
Project("{2150E333-8FDC-42A3-9474-1A3956D46DE8}") = "Ordering", "Ordering", "{FE7E345B-3096-4060-8A13-70660FDF5735}"
EndProject
Project("{9A19103F-16F7-4668-BE54-9A1E7A4F7556}") = "Ordering.Domain", "Modules\Ordering\Ordering.Domain\Ordering.Domain.csproj", "{39324D83-D576-47A1-9FB2-ED8B0D67C0D7}"
EndProject
Project("{9A19103F-16F7-4668-BE54-9A1E7A4F7556}") = "Ordering.Application", "Modules\Ordering\Ordering.Application\Ordering.Application.csproj", "{93D820CB-0831-4EDB-B1C9-7F43930068A9}"
EndProject
Project("{9A19103F-16F7-4668-BE54-9A1E7A4F7556}") = "Ordering.Infrastructure", "Modules\Ordering\Ordering.Infrastructure\Ordering.Infrastructure.csproj", "{22A66684-C75A-4EE5-8783-BC80906BD071}"
EndProject
Project("{2150E333-8FDC-42A3-9474-1A3956D46DE8}") = "CustomerManagement", "CustomerManagement", "{3625CAE7-B292-4689-9FB4-74218B0F9DD4}"
EndProject
Project("{9A19103F-16F7-4668-BE54-9A1E7A4F7556}") = "CustomerManagement.Domain", "Modules\CustomerManagement\CustomerManagement.Domain\CustomerManagement.Domain.csproj", "{F2A1E16F-FDFE-4C06-8DCF-CCAE18087F67}"
EndProject
Project("{9A19103F-16F7-4668-BE54-9A1E7A4F7556}") = "CustomerManagement.Application", "Modules\CustomerManagement\CustomerManagement.Application\CustomerManagement.Application.csproj", "{713ED552-21E2-4899-A08A-0E0A2D16F8BA}"
EndProject
Project("{9A19103F-16F7-4668-BE54-9A1E7A4F7556}") = "CustomerManagement.Infrastructure", "Modules\CustomerManagement\CustomerManagement.Infrastructure\CustomerManagement.Infrastructure.csproj", "{98303FC4-BEB7-45CB-9D4E-28C4C62F8EDB}"
EndProject
Project("{2150E333-8FDC-42A3-9474-1A3956D46DE8}") = "Inventory", "Inventory", "{BFC53BAE-F00B-4E7A-8338-710F89E7E2CB}"
EndProject
Project("{9A19103F-16F7-4668-BE54-9A1E7A4F7556}") = "Inventory.Domain", "Modules\Inventory\Inventory.Domain\Inventory.Domain.csproj", "{FF121161-D28B-4D62-979E-794D54356D0D}"
EndProject
Project("{9A19103F-16F7-4668-BE54-9A1E7A4F7556}") = "Inventory.Application", "Modules\Inventory\Inventory.Application\Inventory.Application.csproj", "{A6822480-C36A-4F5A-A0DE-3C66D66E75FB}"
EndProject
Project("{9A19103F-16F7-4668-BE54-9A1E7A4F7556}") = "Inventory.Infrastructure", "Modules\Inventory\Inventory.Infrastructure\Inventory.Infrastructure.csproj", "{8C701605-CFEE-4E0F-8B59-5F3B34AD8942}"
EndProject
Project("{9A19103F-16F7-4668-BE54-9A1E7A4F7556}") = "ModularMonolith.Frontend", "ModularMonolith.Frontend\ModularMonolith.Frontend.csproj", "{0AEF0F2D-AC4F-4017-AEB9-9054EB237EAD}"
EndProject
Project("{FAE04EC0-301F-11D3-BF4B-00C04F79EFBC}") = "ModularMonolith.WebApi", "ModularMonolith.WebApi\ModularMonolith.WebApi.csproj", "{934640BF-30A4-443E-AA74-FDB6F4B8C462}"
EndProject
Global
	GlobalSection(SolutionConfigurationPlatforms) = preSolution
		Debug|Any CPU = Debug|Any CPU
		Release|Any CPU = Release|Any CPU
	EndGlobalSection
	GlobalSection(ProjectConfigurationPlatforms) = postSolution
		{39324D83-D576-47A1-9FB2-ED8B0D67C0D7}.Debug|Any CPU.ActiveCfg = Debug|Any CPU
		{39324D83-D576-47A1-9FB2-ED8B0D67C0D7}.Debug|Any CPU.Build.0 = Debug|Any CPU
		{39324D83-D576-47A1-9FB2-ED8B0D67C0D7}.Release|Any CPU.ActiveCfg = Release|Any CPU
		{39324D83-D576-47A1-9FB2-ED8B0D67C0D7}.Release|Any CPU.Build.0 = Release|Any CPU
		{93D820CB-0831-4EDB-B1C9-7F43930068A9}.Debug|Any CPU.ActiveCfg = Debug|Any CPU
		{93D820CB-0831-4EDB-B1C9-7F43930068A9}.Debug|Any CPU.Build.0 = Debug|Any CPU
		{93D820CB-0831-4EDB-B1C9-7F43930068A9}.Release|Any CPU.ActiveCfg = Release|Any CPU
		{93D820CB-0831-4EDB-B1C9-7F43930068A9}.Release|Any CPU.Build.0 = Release|Any CPU
		{22A66684-C75A-4EE5-8783-BC80906BD071}.Debug|Any CPU.ActiveCfg = Debug|Any CPU
		{22A66684-C75A-4EE5-8783-BC80906BD071}.Debug|Any CPU.Build.0 = Debug|Any CPU
		{22A66684-C75A-4EE5-8783-BC80906BD071}.Release|Any CPU.ActiveCfg = Release|Any CPU
		{22A66684-C75A-4EE5-8783-BC80906BD071}.Release|Any CPU.Build.0 = Release|Any CPU
		{F2A1E16F-FDFE-4C06-8DCF-CCAE18087F67}.Debug|Any CPU.ActiveCfg = Debug|Any CPU
		{F2A1E16F-FDFE-4C06-8DCF-CCAE18087F67}.Debug|Any CPU.Build.0 = Debug|Any CPU
		{F2A1E16F-FDFE-4C06-8DCF-CCAE18087F67}.Release|Any CPU.ActiveCfg = Release|Any CPU
		{F2A1E16F-FDFE-4C06-8DCF-CCAE18087F67}.Release|Any CPU.Build.0 = Release|Any CPU
		{713ED552-21E2-4899-A08A-0E0A2D16F8BA}.Debug|Any CPU.ActiveCfg = Debug|Any CPU
		{713ED552-21E2-4899-A08A-0E0A2D16F8BA}.Debug|Any CPU.Build.0 = Debug|Any CPU
		{713ED552-21E2-4899-A08A-0E0A2D16F8BA}.Release|Any CPU.ActiveCfg = Release|Any CPU
		{713ED552-21E2-4899-A08A-0E0A2D16F8BA}.Release|Any CPU.Build.0 = Release|Any CPU
		{98303FC4-BEB7-45CB-9D4E-28C4C62F8EDB}.Debug|Any CPU.ActiveCfg = Debug|Any CPU
		{98303FC4-BEB7-45CB-9D4E-28C4C62F8EDB}.Debug|Any CPU.Build.0 = Debug|Any CPU
		{98303FC4-BEB7-45CB-9D4E-28C4C62F8EDB}.Release|Any CPU.ActiveCfg = Release|Any CPU
		{98303FC4-BEB7-45CB-9D4E-28C4C62F8EDB}.Release|Any CPU.Build.0 = Release|Any CPU
		{FF121161-D28B-4D62-979E-794D54356D0D}.Debug|Any CPU.ActiveCfg = Debug|Any CPU
		{FF121161-D28B-4D62-979E-794D54356D0D}.Debug|Any CPU.Build.0 = Debug|Any CPU
		{FF121161-D28B-4D62-979E-794D54356D0D}.Release|Any CPU.ActiveCfg = Release|Any CPU
		{FF121161-D28B-4D62-979E-794D54356D0D}.Release|Any CPU.Build.0 = Release|Any CPU
		{A6822480-C36A-4F5A-A0DE-3C66D66E75FB}.Debug|Any CPU.ActiveCfg = Debug|Any CPU
		{A6822480-C36A-4F5A-A0DE-3C66D66E75FB}.Debug|Any CPU.Build.0 = Debug|Any CPU
		{A6822480-C36A-4F5A-A0DE-3C66D66E75FB}.Release|Any CPU.ActiveCfg = Release|Any CPU
		{A6822480-C36A-4F5A-A0DE-3C66D66E75FB}.Release|Any CPU.Build.0 = Release|Any CPU
		{8C701605-CFEE-4E0F-8B59-5F3B34AD8942}.Debug|Any CPU.ActiveCfg = Debug|Any CPU
		{8C701605-CFEE-4E0F-8B59-5F3B34AD8942}.Debug|Any CPU.Build.0 = Debug|Any CPU
		{8C701605-CFEE-4E0F-8B59-5F3B34AD8942}.Release|Any CPU.ActiveCfg = Release|Any CPU
		{8C701605-CFEE-4E0F-8B59-5F3B34AD8942}.Release|Any CPU.Build.0 = Release|Any CPU
		{0AEF0F2D-AC4F-4017-AEB9-9054EB237EAD}.Debug|Any CPU.ActiveCfg = Debug|Any CPU
		{0AEF0F2D-AC4F-4017-AEB9-9054EB237EAD}.Debug|Any CPU.Build.0 = Debug|Any CPU
		{0AEF0F2D-AC4F-4017-AEB9-9054EB237EAD}.Release|Any CPU.ActiveCfg = Release|Any CPU
		{0AEF0F2D-AC4F-4017-AEB9-9054EB237EAD}.Release|Any CPU.Build.0 = Release|Any CPU
		{934640BF-30A4-443E-AA74-FDB6F4B8C462}.Debug|Any CPU.ActiveCfg = Debug|Any CPU
		{934640BF-30A4-443E-AA74-FDB6F4B8C462}.Debug|Any CPU.Build.0 = Debug|Any CPU
		{934640BF-30A4-443E-AA74-FDB6F4B8C462}.Release|Any CPU.ActiveCfg = Release|Any CPU
		{934640BF-30A4-443E-AA74-FDB6F4B8C462}.Release|Any CPU.Build.0 = Release|Any CPU
	EndGlobalSection
	GlobalSection(SolutionProperties) = preSolution
		HideSolutionNode = FALSE
	EndGlobalSection
	GlobalSection(NestedProjects) = preSolution
		{FE7E345B-3096-4060-8A13-70660FDF5735} = {30884D65-93D2-4B5B-BDC3-AC08F5008186}
		{39324D83-D576-47A1-9FB2-ED8B0D67C0D7} = {FE7E345B-3096-4060-8A13-70660FDF5735}
		{93D820CB-0831-4EDB-B1C9-7F43930068A9} = {FE7E345B-3096-4060-8A13-70660FDF5735}
		{22A66684-C75A-4EE5-8783-BC80906BD071} = {FE7E345B-3096-4060-8A13-70660FDF5735}
		{3625CAE7-B292-4689-9FB4-74218B0F9DD4} = {30884D65-93D2-4B5B-BDC3-AC08F5008186}
		{F2A1E16F-FDFE-4C06-8DCF-CCAE18087F67} = {3625CAE7-B292-4689-9FB4-74218B0F9DD4}
		{713ED552-21E2-4899-A08A-0E0A2D16F8BA} = {3625CAE7-B292-4689-9FB4-74218B0F9DD4}
		{98303FC4-BEB7-45CB-9D4E-28C4C62F8EDB} = {3625CAE7-B292-4689-9FB4-74218B0F9DD4}
		{BFC53BAE-F00B-4E7A-8338-710F89E7E2CB} = {30884D65-93D2-4B5B-BDC3-AC08F5008186}
		{FF121161-D28B-4D62-979E-794D54356D0D} = {BFC53BAE-F00B-4E7A-8338-710F89E7E2CB}
		{A6822480-C36A-4F5A-A0DE-3C66D66E75FB} = {BFC53BAE-F00B-4E7A-8338-710F89E7E2CB}
		{8C701605-CFEE-4E0F-8B59-5F3B34AD8942} = {BFC53BAE-F00B-4E7A-8338-710F89E7E2CB}
	EndGlobalSection
EndGlobal
